
Microsoft Visual Studio Solution File, Format Version 12.00
# Visual Studio Version 17
VisualStudioVersion = 17.3.32819.101
MinimumVisualStudioVersion = 10.0.40219.1
Project("{00D1A9C2-B5F0-4AF3-8072-F6C62B433612}") = "Database1", "Database1\Database1.sqlproj", "{3019A153-C8D0-4772-B02A-2A881651686F}"
EndProject
Project("{FAE04EC0-301F-11D3-BF4B-00C04F79EFBC}") = "GameProject", "GameProject\GameProject.csproj", "{5D303A05-7EFA-446F-B009-3D6FBDF72DD2}"
EndProject
Global
	GlobalSection(SolutionConfigurationPlatforms) = preSolution
		Debug|Any CPU = Debug|Any CPU
		Release|Any CPU = Release|Any CPU
	EndGlobalSection
	GlobalSection(ProjectConfigurationPlatforms) = postSolution
		{3019A153-C8D0-4772-B02A-2A881651686F}.Debug|Any CPU.ActiveCfg = Debug|Any CPU
		{3019A153-C8D0-4772-B02A-2A881651686F}.Debug|Any CPU.Build.0 = Debug|Any CPU
		{3019A153-C8D0-4772-B02A-2A881651686F}.Debug|Any CPU.Deploy.0 = Debug|Any CPU
		{3019A153-C8D0-4772-B02A-2A881651686F}.Release|Any CPU.ActiveCfg = Release|Any CPU
		{3019A153-C8D0-4772-B02A-2A881651686F}.Release|Any CPU.Build.0 = Release|Any CPU
		{3019A153-C8D0-4772-B02A-2A881651686F}.Release|Any CPU.Deploy.0 = Release|Any CPU
		{5D303A05-7EFA-446F-B009-3D6FBDF72DD2}.Debug|Any CPU.ActiveCfg = Debug|Any CPU
		{5D303A05-7EFA-446F-B009-3D6FBDF72DD2}.Debug|Any CPU.Build.0 = Debug|Any CPU
		{5D303A05-7EFA-446F-B009-3D6FBDF72DD2}.Release|Any CPU.ActiveCfg = Release|Any CPU
		{5D303A05-7EFA-446F-B009-3D6FBDF72DD2}.Release|Any CPU.Build.0 = Release|Any CPU
	EndGlobalSection
	GlobalSection(SolutionProperties) = preSolution
		HideSolutionNode = FALSE
	EndGlobalSection
	GlobalSection(ExtensibilityGlobals) = postSolution
		SolutionGuid = {9F842569-723B-4703-891E-4A10EFF982B0}
	EndGlobalSection
EndGlobal
